
Microsoft Visual Studio Solution File, Format Version 12.00
# Visual Studio 15
VisualStudioVersion = 15.0.28307.572
MinimumVisualStudioVersion = 10.0.40219.1
Project("{FAE04EC0-301F-11D3-BF4B-00C04F79EFBC}") = "ToDo", "ToDo\ToDo.csproj", "{3865B9F0-B177-4F79-BD93-02D5C3715720}"
EndProject
Global
	GlobalSection(SolutionConfigurationPlatforms) = preSolution
		Debug|Any CPU = Debug|Any CPU
		Release|Any CPU = Release|Any CPU
	EndGlobalSection
	GlobalSection(ProjectConfigurationPlatforms) = postSolution
		{3865B9F0-B177-4F79-BD93-02D5C3715720}.Debug|Any CPU.ActiveCfg = Debug|Any CPU
		{3865B9F0-B177-4F79-BD93-02D5C3715720}.Debug|Any CPU.Build.0 = Debug|Any CPU
		{3865B9F0-B177-4F79-BD93-02D5C3715720}.Release|Any CPU.ActiveCfg = Release|Any CPU
		{3865B9F0-B177-4F79-BD93-02D5C3715720}.Release|Any CPU.Build.0 = Release|Any CPU
	EndGlobalSection
	GlobalSection(SolutionProperties) = preSolution
		HideSolutionNode = FALSE
	EndGlobalSection
	GlobalSection(ExtensibilityGlobals) = postSolution
		SolutionGuid = {980ADB82-B6E0-481D-BFD5-5C8EFC8E64D4}
	EndGlobalSection
EndGlobal
